PODS:
  - ActionSheetPicker-3.0 (2.3.0)
  - Alamofire (4.8.2)
  - AvailableHapticFeedback (1.0.0)
  - CardIO (5.4.1)
  - Cosmos (19.0.3)
  - Crashlytics (3.13.1):
    - Fabric (~> 1.10.1)
  - Fabric (1.10.1)
  - FormTextField (3.0.0)
  - GoogleMaps (3.0.3):
    - GoogleMaps/Maps (= 3.0.3)
  - GoogleMaps/Base (3.0.3)
  - GoogleMaps/Maps (3.0.3):
    - GoogleMaps/Base
  - GooglePlaces (3.0.3):
    - GoogleMaps/Base (= 3.0.3)
  - IQDropDownTextField (1.1.1)
  - IQKeyboardManagerSwift (6.3.0)
  - lottie-ios (3.1.0)
  - MarqueeLabel/Swift (3.2.1)
  - MiniLayout (1.4.1)
  - MultiSlider (1.9.2):
    - AvailableHapticFeedback
    - MiniLayout
  - QRCodeReader.swift (10.1.0)
  - SDWebImage (5.0.6):
    - SDWebImage/Core (= 5.0.6)
  - SDWebImage/Core (5.0.6)
  - SideMenuSwift (2.0.0)
  - SkyFloatingLabelTextField (3.7.0)
  - Socket.IO-Client-Swift (15.1.0):
    - Starscream (~> 3.1)
  - Starscream (3.1.0)
  - SwiftMessages (7.0.0):
    - SwiftMessages/App (= 7.0.0)
  - SwiftMessages/App (7.0.0)
  - SwiftyJSON (5.0.0)
  - SwipeCellKit (2.5.4)

DEPENDENCIES:
  - ActionSheetPicker-3.0
  - Alamofire
  - CardIO
  - Cosmos
  - Crashlytics
  - Fabric
  - FormTextField
  - GoogleMaps (= 3.0.3)
  - GooglePlaces (= 3.0.3)
  - IQDropDownTextField
  - IQKeyboardManagerSwift
  - lottie-ios
  - MarqueeLabel/Swift
  - MultiSlider
  - QRCodeReader.swift
  - SDWebImage
  - SideMenuSwift
  - SkyFloatingLabelTextField
  - Socket.IO-Client-Swift
  - SwiftMessages
  - SwiftyJSON
  - SwipeCellKit (= 2.5.4)

SPEC REPOS:
  https://github.com/cocoapods/specs.git:
    - ActionSheetPicker-3.0
    - Alamofire
    - AvailableHapticFeedback
    - CardIO
    - Cosmos
    - Crashlytics
    - Fabric
    - FormTextField
    - GoogleMaps
    - GooglePlaces
    - IQDropDownTextField
    - IQKeyboardManagerSwift
    - lottie-ios
    - MarqueeLabel
    - MiniLayout
    - MultiSlider
    - QRCodeReader.swift
    - SDWebImage
    - SideMenuSwift
    - SkyFloatingLabelTextField
    - Socket.IO-Client-Swift
    - Starscream
    - SwiftMessages
    - SwiftyJSON
    - SwipeCellKit

SPEC CHECKSUMS:
  ActionSheetPicker-3.0: eef157d75e151f255c5333d26656c7fbfe905a51
  Alamofire: ae5c501addb7afdbb13687d7f2f722c78734c2d3
  AvailableHapticFeedback: dbd483684e693281b85e671d95ac3593dfbad34f
  CardIO: 56983b39b62f495fc6dae9ad7cf875143df06443
  Cosmos: a6fb17284281fa12cf4c85c2efecd440a215ec44
  Crashlytics: 5aa8e90dcbf2f34898b4f5a0037787531246cca0
  Fabric: f6f21452846788bb44595d73e9909d79d328e617
  FormTextField: fd5dc441ad40ba12d08ef66aeb0453ee9bf55e6d
  GoogleMaps: fd5c9fa58871781b9fb94d4936f19c69fe60ce32
  GooglePlaces: f09e76993c9c3ee4af8f4f7f535bb94d6aa3b649
  IQDropDownTextField: 3d2e5728a2b83ff5dbb14cb9b497a80005124cbe
  IQKeyboardManagerSwift: a8228c257614af98743b4cd8584637025f36358f
  lottie-ios: 9467723922dfff46f6d4e3019c32594a62440b7c
  MarqueeLabel: 2daf039bf916937c8a4c9adfc13577cc5e51b4ce
  MiniLayout: bd42e3763700c3002f39ff3b36dc8a027ea5078a
  MultiSlider: ddc092e8aacaf4b82d816f0d3134e04d5c7709d3
  QRCodeReader.swift: 373a389fe9a22d513c879a32a6f647c58f4ef572
  SDWebImage: 920f1a2ff1ca8296ad34f6e0510a1ef1d70ac965
  SideMenuSwift: 1bee5a0e54c6df7d8106f749b82567eae5c6d974
  SkyFloatingLabelTextField: 4b46db0ab1ccde0919cded29c656e6b4805eda04
  Socket.IO-Client-Swift: 7cb44c0ffb86e158cee32d0642d30ec5fdcf8f61
  Starscream: 08172b481e145289c4930cb567230fb55897cfa4
  SwiftMessages: a952f7a9103d9aeab93730a2861d2d8fcdd8758f
  SwiftyJSON: 36413e04c44ee145039d332b4f4e2d3e8d6c4db7
  SwipeCellKit: 4eada3884ab1bbae5e8d2fb9030c242aa23d7f42

PODFILE CHECKSUM: b45180a6ce9e945e0f5f7b34b8e40a416c2837c1

COCOAPODS: 1.6.1
