PODS:
  - ActionSheetPicker-3.0 (2.3.0)
  - Alamofire (4.8.2)
  - AvailableHapticFeedback (1.0.0)
  - CardIO (5.4.1)
  - Cosmos (19.0.3)
  - DropDown (2.3.2)
  - Firebase/CoreOnly (6.16.0):
    - FirebaseCore (= 6.6.1)
  - Firebase/Crashlytics (6.16.0):
    - Firebase/CoreOnly
    - FirebaseCrashlytics (~> 4.0.0-beta.2)
  - Firebase/Messaging (6.16.0):
    - Firebase/CoreOnly
    - FirebaseMessaging (~> 4.2.0)
  - FirebaseAnalyticsInterop (1.5.0)
  - FirebaseCore (6.6.1):
    - FirebaseCoreDiagnostics (~> 1.2)
    - FirebaseCoreDiagnosticsInterop (~> 1.2)
    - GoogleUtilities/Environment (~> 6.5)
    - GoogleUtilities/Logger (~> 6.5)
  - FirebaseCoreDiagnostics (1.2.0):
    - FirebaseCoreDiagnosticsInterop (~> 1.2)
    - GoogleDataTransportCCTSupport (~> 1.3)
    - GoogleUtilities/Environment (~> 6.5)
    - GoogleUtilities/Logger (~> 6.5)
    - nanopb (~> 0.3.901)
  - FirebaseCoreDiagnosticsInterop (1.2.0)
  - FirebaseCrashlytics (4.0.0-beta.3):
    - FirebaseAnalyticsInterop (~> 1.2)
    - FirebaseCore (~> 6.6)
    - FirebaseInstanceID (~> 4.3)
    - PromisesObjC (~> 1.2)
  - FirebaseInstallations (1.1.0):
    - FirebaseCore (~> 6.6)
    - GoogleUtilities/UserDefaults (~> 6.5)
    - PromisesObjC (~> 1.2)
  - FirebaseInstanceID (4.3.0):
    - FirebaseCore (~> 6.6)
    - FirebaseInstallations (~> 1.0)
    - GoogleUtilities/Environment (~> 6.5)
    - GoogleUtilities/UserDefaults (~> 6.5)
  - FirebaseMessaging (4.2.0):
    - FirebaseAnalyticsInterop (~> 1.5)
    - FirebaseCore (~> 6.6)
    - FirebaseInstanceID (~> 4.3)
    - GoogleUtilities/AppDelegateSwizzler (~> 6.5)
    - GoogleUtilities/Environment (~> 6.5)
    - GoogleUtilities/Reachability (~> 6.5)
    - GoogleUtilities/UserDefaults (~> 6.5)
    - Protobuf (>= 3.9.2, ~> 3.9)
  - FormTextField (3.0.0)
  - FSCalendar (2.8.0)
  - GoogleDataTransport (3.3.1)
  - GoogleDataTransportCCTSupport (1.3.1):
    - GoogleDataTransport (~> 3.3)
    - nanopb (~> 0.3.901)
  - GoogleMaps (3.0.3):
    - GoogleMaps/Maps (= 3.0.3)
  - GoogleMaps/Base (3.0.3)
  - GoogleMaps/Maps (3.0.3):
    - GoogleMaps/Base
  - GooglePlaces (3.0.3):
    - GoogleMaps/Base (= 3.0.3)
  - GoogleUtilities/AppDelegateSwizzler (6.5.1):
    - GoogleUtilities/Environment
    - GoogleUtilities/Logger
    - GoogleUtilities/Network
  - GoogleUtilities/Environment (6.5.1)
  - GoogleUtilities/Logger (6.5.1):
    - GoogleUtilities/Environment
  - GoogleUtilities/Network (6.5.1):
    - GoogleUtilities/Logger
    - "GoogleUtilities/NSData+zlib"
    - GoogleUtilities/Reachability
  - "GoogleUtilities/NSData+zlib (6.5.1)"
  - GoogleUtilities/Reachability (6.5.1):
    - GoogleUtilities/Logger
  - GoogleUtilities/UserDefaults (6.5.1):
    - GoogleUtilities/Logger
  - IQDropDownTextField (1.1.1)
  - IQKeyboardManagerSwift (6.5.0)
  - lottie-ios (3.1.0)
  - MarqueeLabel/Swift (3.2.1)
  - MiniLayout (1.4.1)
  - MultiSlider (1.9.2):
    - AvailableHapticFeedback
    - MiniLayout
  - nanopb (0.3.9011):
    - nanopb/decode (= 0.3.9011)
    - nanopb/encode (= 0.3.9011)
  - nanopb/decode (0.3.9011)
  - nanopb/encode (0.3.9011)
  - NVActivityIndicatorView (4.8.0):
    - NVActivityIndicatorView/Presenter (= 4.8.0)
  - NVActivityIndicatorView/Presenter (4.8.0)
  - PromisesObjC (1.2.8)
  - Protobuf (3.11.3)
  - QRCodeReader.swift (10.1.0)
  - RKMultiUnitRuler (0.0.1)
  - SDWebImage (5.0.6):
    - SDWebImage/Core (= 5.0.6)
  - SDWebImage/Core (5.0.6)
  - SideMenuSwift (2.0.5)
  - SkyFloatingLabelTextField (3.7.0)
  - Socket.IO-Client-Swift (15.1.0):
    - Starscream (~> 3.1)
  - Starscream (3.1.0)
  - SwiftMessages (7.0.0):
    - SwiftMessages/App (= 7.0.0)
  - SwiftMessages/App (7.0.0)
  - SwiftyAttributes (5.1.1)
  - SwiftyJSON (5.0.0)
  - SwipeCellKit (2.5.4)
  - TTSegmentedControl (0.4.9)

DEPENDENCIES:
  - ActionSheetPicker-3.0
  - Alamofire
  - CardIO
  - Cosmos
  - DropDown (= 2.3.2)
  - Firebase/Crashlytics
  - Firebase/Messaging
  - FormTextField
  - FSCalendar
  - GoogleMaps (= 3.0.3)
  - GooglePlaces (= 3.0.3)
  - IQDropDownTextField
  - IQKeyboardManagerSwift
  - lottie-ios
  - MarqueeLabel/Swift
  - MultiSlider
  - NVActivityIndicatorView
  - QRCodeReader.swift
  - RKMultiUnitRuler
  - SDWebImage
  - SideMenuSwift
  - SkyFloatingLabelTextField
  - Socket.IO-Client-Swift
  - SwiftMessages
  - SwiftyAttributes
  - SwiftyJSON
  - SwipeCellKit (= 2.5.4)
  - TTSegmentedControl

SPEC REPOS:
  trunk:
    - ActionSheetPicker-3.0
    - Alamofire
    - AvailableHapticFeedback
    - CardIO
    - Cosmos
    - DropDown
    - Firebase
    - FirebaseAnalyticsInterop
    - FirebaseCore
    - FirebaseCoreDiagnostics
    - FirebaseCoreDiagnosticsInterop
    - FirebaseCrashlytics
    - FirebaseInstallations
    - FirebaseInstanceID
    - FirebaseMessaging
    - FormTextField
    - FSCalendar
    - GoogleDataTransport
    - GoogleDataTransportCCTSupport
    - GoogleMaps
    - GooglePlaces
    - GoogleUtilities
    - IQDropDownTextField
    - IQKeyboardManagerSwift
    - lottie-ios
    - MarqueeLabel
    - MiniLayout
    - MultiSlider
    - nanopb
    - NVActivityIndicatorView
    - PromisesObjC
    - Protobuf
    - QRCodeReader.swift
    - RKMultiUnitRuler
    - SDWebImage
    - SideMenuSwift
    - SkyFloatingLabelTextField
    - Socket.IO-Client-Swift
    - Starscream
    - SwiftMessages
    - SwiftyAttributes
    - SwiftyJSON
    - SwipeCellKit
    - TTSegmentedControl

SPEC CHECKSUMS:
  ActionSheetPicker-3.0: eef157d75e151f255c5333d26656c7fbfe905a51
  Alamofire: ae5c501addb7afdbb13687d7f2f722c78734c2d3
  AvailableHapticFeedback: dbd483684e693281b85e671d95ac3593dfbad34f
  CardIO: 56983b39b62f495fc6dae9ad7cf875143df06443
  Cosmos: a6fb17284281fa12cf4c85c2efecd440a215ec44
  DropDown: 7f87abecc28f9b4edad810fe1211c5c018c257e5
  Firebase: 497158b816d0a86fc31babbd05546fcd7e6083ff
  FirebaseAnalyticsInterop: 3f86269c38ae41f47afeb43ebf32a001f58fcdae
  FirebaseCore: 85064903ed6c28e47fec9c7bd149d94ba1b6b6e7
  FirebaseCoreDiagnostics: 5e78803ab276bc5b50340e3c539c06c3de35c649
  FirebaseCoreDiagnosticsInterop: 296e2c5f5314500a850ad0b83e9e7c10b011a850
  FirebaseCrashlytics: 81ac4950302353dc6b5f8d5cc287397725b54c97
  FirebaseInstallations: 575cd32f2aec0feeb0e44f5d0110a09e5e60b47b
  FirebaseInstanceID: 6668efc1655a4052c083f287a7141f1ead12f9c2
  FirebaseMessaging: 448cf4c727f3c95f4f90816907d67306ba785cfe
  FormTextField: fd5dc441ad40ba12d08ef66aeb0453ee9bf55e6d
  FSCalendar: 3a5ed3636e2ba1b83ebebfcf0c2603105a6f5efe
  GoogleDataTransport: 0048df6388dab1c254799f2a30365b1dffe20422
  GoogleDataTransportCCTSupport: f880d70972efa2ed1be4e9173a0f4c5f3dc2d176
  GoogleMaps: fd5c9fa58871781b9fb94d4936f19c69fe60ce32
  GooglePlaces: f09e76993c9c3ee4af8f4f7f535bb94d6aa3b649
  GoogleUtilities: 06eb53bb579efe7099152735900dd04bf09e7275
  IQDropDownTextField: 3d2e5728a2b83ff5dbb14cb9b497a80005124cbe
  IQKeyboardManagerSwift: 6cd19976c6e871907c4ed9127c2d3affdd4defc2
  lottie-ios: 9467723922dfff46f6d4e3019c32594a62440b7c
  MarqueeLabel: 2daf039bf916937c8a4c9adfc13577cc5e51b4ce
  MiniLayout: bd42e3763700c3002f39ff3b36dc8a027ea5078a
  MultiSlider: ddc092e8aacaf4b82d816f0d3134e04d5c7709d3
  nanopb: 18003b5e52dab79db540fe93fe9579f399bd1ccd
  NVActivityIndicatorView: d24b7ebcf80af5dcd994adb650e2b6c93379270f
  PromisesObjC: c119f3cd559f50b7ae681fa59dc1acd19173b7e6
  Protobuf: 0e94afe3b47cb11876eb6aee296638711a24bf75
  QRCodeReader.swift: 373a389fe9a22d513c879a32a6f647c58f4ef572
  RKMultiUnitRuler: a427cd135956d3965123363e57fe0256dfd0348a
  SDWebImage: 920f1a2ff1ca8296ad34f6e0510a1ef1d70ac965
  SideMenuSwift: c7d99c270e0fad922a14b81f1dcc7a84c764bcd5
  SkyFloatingLabelTextField: 4b46db0ab1ccde0919cded29c656e6b4805eda04
  Socket.IO-Client-Swift: 7cb44c0ffb86e158cee32d0642d30ec5fdcf8f61
  Starscream: 08172b481e145289c4930cb567230fb55897cfa4
  SwiftMessages: a952f7a9103d9aeab93730a2861d2d8fcdd8758f
  SwiftyAttributes: e3e13891ddac3c62b3d7798d5c3969cea88e62bb
  SwiftyJSON: 36413e04c44ee145039d332b4f4e2d3e8d6c4db7
  SwipeCellKit: 4eada3884ab1bbae5e8d2fb9030c242aa23d7f42
  TTSegmentedControl: 6657bb0cf85f59a2f559bd22387cdf057f84fce8

PODFILE CHECKSUM: b421acf05232a88610bbd20f24999782e2b21a2d

COCOAPODS: 1.8.4
